{
  "requires": true,
  "lockfileVersion": 1,
  "dependencies": {
    "konva": {
      "version": "4.1.0",
      "resolved": "https://registry.npmjs.org/konva/-/konva-4.1.0.tgz",
      "integrity": "sha512-iIGCSh4EZKgYO5PDnGwUz/HO9FuA9URhIhsaIjYiDZX4GMCrYcoaEwU8XztUdQNMYWJBbMf/2/rOu9GAOxXd3g=="
    }
  }
}
